
Microsoft Visual Studio Solution File, Format Version 12.00
# Visual Studio Version 16
VisualStudioVersion = 16.0.30104.148
MinimumVisualStudioVersion = 10.0.40219.1
Project("{FAE04EC0-301F-11D3-BF4B-00C04F79EFBC}") = "4-double-triple-square-sqrt", "4-double-triple-square-sqrt\4-double-triple-square-sqrt.csproj", "{24C3DCBB-B3E3-4D42-B381-64424C1B5856}"
EndProject
Global
	GlobalSection(SolutionConfigurationPlatforms) = preSolution
		Debug|Any CPU = Debug|Any CPU
		Release|Any CPU = Release|Any CPU
	EndGlobalSection
	GlobalSection(ProjectConfigurationPlatforms) = postSolution
		{24C3DCBB-B3E3-4D42-B381-64424C1B5856}.Debug|Any CPU.ActiveCfg = Debug|Any CPU
		{24C3DCBB-B3E3-4D42-B381-64424C1B5856}.Debug|Any CPU.Build.0 = Debug|Any CPU
		{24C3DCBB-B3E3-4D42-B381-64424C1B5856}.Release|Any CPU.ActiveCfg = Release|Any CPU
		{24C3DCBB-B3E3-4D42-B381-64424C1B5856}.Release|Any CPU.Build.0 = Release|Any CPU
	EndGlobalSection
	GlobalSection(SolutionProperties) = preSolution
		HideSolutionNode = FALSE
	EndGlobalSection
	GlobalSection(ExtensibilityGlobals) = postSolution
		SolutionGuid = {A62BF680-4FB1-4B89-A17B-D06FFC08AA41}
	EndGlobalSection
EndGlobal
