
Microsoft Visual Studio Solution File, Format Version 12.00
# Visual Studio Version 16
VisualStudioVersion = 16.0.30104.148
MinimumVisualStudioVersion = 10.0.40219.1
Project("{9A19103F-16F7-4668-BE54-9A1E7A4F7556}") = "1-arithmetic_average", "1-arithmetic-average\1-arithmetic_average.csproj", "{9227DA08-31D3-4690-BE6A-645CFA9ED6FD}"
EndProject
Global
	GlobalSection(SolutionConfigurationPlatforms) = preSolution
		Debug|Any CPU = Debug|Any CPU
		Release|Any CPU = Release|Any CPU
	EndGlobalSection
	GlobalSection(ProjectConfigurationPlatforms) = postSolution
		{9227DA08-31D3-4690-BE6A-645CFA9ED6FD}.Debug|Any CPU.ActiveCfg = Debug|Any CPU
		{9227DA08-31D3-4690-BE6A-645CFA9ED6FD}.Debug|Any CPU.Build.0 = Debug|Any CPU
		{9227DA08-31D3-4690-BE6A-645CFA9ED6FD}.Release|Any CPU.ActiveCfg = Release|Any CPU
		{9227DA08-31D3-4690-BE6A-645CFA9ED6FD}.Release|Any CPU.Build.0 = Release|Any CPU
	EndGlobalSection
	GlobalSection(SolutionProperties) = preSolution
		HideSolutionNode = FALSE
	EndGlobalSection
	GlobalSection(ExtensibilityGlobals) = postSolution
		SolutionGuid = {3365FC8D-1B57-412F-80DD-97C45BE34303}
	EndGlobalSection
EndGlobal
